
Microsoft Visual Studio Solution File, Format Version 12.00
# Visual Studio Version 17
VisualStudioVersion = 17.5.33424.131
MinimumVisualStudioVersion = 10.0.40219.1
Project("{2150E333-8FDC-42A3-9474-1A3956D46DE8}") = "01 Kintamieji", "01 Kintamieji", "{0DE9CAA7-6C9B-4195-8940-9B66888214F8}"
EndProject
Project("{2150E333-8FDC-42A3-9474-1A3956D46DE8}") = "02 Isvedimas", "02 Isvedimas", "{08AACB0A-A4D7-4D2C-808D-FC73A5DF2D66}"
EndProject
Project("{2150E333-8FDC-42A3-9474-1A3956D46DE8}") = "03 Aritmetiniai Veiksmai", "03 Aritmetiniai Veiksmai", "{58C84563-046F-49A0-972F-564EEEDFA753}"
EndProject
Project("{2150E333-8FDC-42A3-9474-1A3956D46DE8}") = "04 Ivedimas", "04 Ivedimas", "{37128621-CBA4-4484-9B97-D289A382CA9C}"
EndProject
Project("{FAE04EC0-301F-11D3-BF4B-00C04F79EFBC}") = "Uzduotis04", "Uzduotis04\Uzduotis04.csproj", "{BB3C7660-88DC-45A6-983F-1A5E658AA918}"
EndProject
Project("{FAE04EC0-301F-11D3-BF4B-00C04F79EFBC}") = "Uzduotis05", "Uzduotis05\Uzduotis05.csproj", "{87D339D0-B33E-493D-88F1-723816868383}"
EndProject
Project("{FAE04EC0-301F-11D3-BF4B-00C04F79EFBC}") = "Uzduotis06", "Uzduotis06\Uzduotis06.csproj", "{ACDB4055-E535-4947-84F5-642C2F4AFEEB}"
EndProject
Project("{FAE04EC0-301F-11D3-BF4B-00C04F79EFBC}") = "Uzduotis07", "Uzduotis07\Uzduotis07.csproj", "{94977368-3CEF-4C42-9426-69B082BA34BE}"
EndProject
Project("{FAE04EC0-301F-11D3-BF4B-00C04F79EFBC}") = "Uzduotis08", "Uzduotis08\Uzduotis08.csproj", "{D2CAE719-8ACB-4FB5-9F1A-3CFFFE811666}"
EndProject
Project("{2150E333-8FDC-42A3-9474-1A3956D46DE8}") = "05 Patikrinimas", "05 Patikrinimas", "{DCF3F636-66D8-40A6-A9C5-9143444130AC}"
EndProject
Project("{FAE04EC0-301F-11D3-BF4B-00C04F79EFBC}") = "Uzduotis09", "Uzduotis09\Uzduotis09.csproj", "{03A37BCA-ABA5-429C-971B-E35980AA3DF6}"
EndProject
Project("{FAE04EC0-301F-11D3-BF4B-00C04F79EFBC}") = "Uzduotis10", "Uzduotis10\Uzduotis10.csproj", "{6A9E8157-70EC-4941-A8A7-A44A2F84BCFA}"
EndProject
Project("{2150E333-8FDC-42A3-9474-1A3956D46DE8}") = "06 For loop", "06 For loop", "{4C44967C-FD25-4858-8373-E38480755F05}"
EndProject
Project("{FAE04EC0-301F-11D3-BF4B-00C04F79EFBC}") = "Uzduotis15", "Uzduotis15\Uzduotis15.csproj", "{7CA904A9-8A60-4B94-BADC-D8DE13160557}"
EndProject
Project("{FAE04EC0-301F-11D3-BF4B-00C04F79EFBC}") = "Uzduotis16", "Uzduotis16\Uzduotis16.csproj", "{72FACC45-2F02-44FD-958A-30031D12FF31}"
EndProject
Project("{FAE04EC0-301F-11D3-BF4B-00C04F79EFBC}") = "Uzduotis12", "Uzduotis12\Uzduotis12.csproj", "{DA489370-39E0-4A18-89C3-3BD388ACF530}"
EndProject
Project("{FAE04EC0-301F-11D3-BF4B-00C04F79EFBC}") = "Uzduotis13", "Uzduotis13\Uzduotis13.csproj", "{6CCC9417-933A-4F96-9860-F9AA1FA3E8FA}"
EndProject
Project("{FAE04EC0-301F-11D3-BF4B-00C04F79EFBC}") = "Uzduotis14", "Uzduotis14\Uzduotis14.csproj", "{1124AD72-C67F-4B36-9B10-022364970ECA}"
EndProject
Project("{2150E333-8FDC-42A3-9474-1A3956D46DE8}") = "07 While", "07 While", "{8A8F96B4-38ED-4F04-A53E-1631F9B8AFEA}"
EndProject
Project("{FAE04EC0-301F-11D3-BF4B-00C04F79EFBC}") = "Uzduotis17", "Uzduotis17\Uzduotis17.csproj", "{4FCB188F-B0C6-4AE9-8EEA-CF0F50EB5AF0}"
EndProject
Project("{FAE04EC0-301F-11D3-BF4B-00C04F79EFBC}") = "Uzduotis18", "Uzduotis18\Uzduotis18.csproj", "{182AA522-91ED-4D82-A86B-98F19437F8C8}"
EndProject
Project("{FAE04EC0-301F-11D3-BF4B-00C04F79EFBC}") = "Uzduotis19", "Uzduotis19\Uzduotis19.csproj", "{90C41D35-6AE6-4030-9B88-1974B26CCD92}"
EndProject
Global
	GlobalSection(SolutionConfigurationPlatforms) = preSolution
		Debug|Any CPU = Debug|Any CPU
		Release|Any CPU = Release|Any CPU
	EndGlobalSection
	GlobalSection(ProjectConfigurationPlatforms) = postSolution
		{BB3C7660-88DC-45A6-983F-1A5E658AA918}.Debug|Any CPU.ActiveCfg = Debug|Any CPU
		{BB3C7660-88DC-45A6-983F-1A5E658AA918}.Debug|Any CPU.Build.0 = Debug|Any CPU
		{BB3C7660-88DC-45A6-983F-1A5E658AA918}.Release|Any CPU.ActiveCfg = Release|Any CPU
		{BB3C7660-88DC-45A6-983F-1A5E658AA918}.Release|Any CPU.Build.0 = Release|Any CPU
		{87D339D0-B33E-493D-88F1-723816868383}.Debug|Any CPU.ActiveCfg = Debug|Any CPU
		{87D339D0-B33E-493D-88F1-723816868383}.Debug|Any CPU.Build.0 = Debug|Any CPU
		{87D339D0-B33E-493D-88F1-723816868383}.Release|Any CPU.ActiveCfg = Release|Any CPU
		{87D339D0-B33E-493D-88F1-723816868383}.Release|Any CPU.Build.0 = Release|Any CPU
		{ACDB4055-E535-4947-84F5-642C2F4AFEEB}.Debug|Any CPU.ActiveCfg = Debug|Any CPU
		{ACDB4055-E535-4947-84F5-642C2F4AFEEB}.Debug|Any CPU.Build.0 = Debug|Any CPU
		{ACDB4055-E535-4947-84F5-642C2F4AFEEB}.Release|Any CPU.ActiveCfg = Release|Any CPU
		{ACDB4055-E535-4947-84F5-642C2F4AFEEB}.Release|Any CPU.Build.0 = Release|Any CPU
		{94977368-3CEF-4C42-9426-69B082BA34BE}.Debug|Any CPU.ActiveCfg = Debug|Any CPU
		{94977368-3CEF-4C42-9426-69B082BA34BE}.Debug|Any CPU.Build.0 = Debug|Any CPU
		{94977368-3CEF-4C42-9426-69B082BA34BE}.Release|Any CPU.ActiveCfg = Release|Any CPU
		{94977368-3CEF-4C42-9426-69B082BA34BE}.Release|Any CPU.Build.0 = Release|Any CPU
		{D2CAE719-8ACB-4FB5-9F1A-3CFFFE811666}.Debug|Any CPU.ActiveCfg = Debug|Any CPU
		{D2CAE719-8ACB-4FB5-9F1A-3CFFFE811666}.Debug|Any CPU.Build.0 = Debug|Any CPU
		{D2CAE719-8ACB-4FB5-9F1A-3CFFFE811666}.Release|Any CPU.ActiveCfg = Release|Any CPU
		{D2CAE719-8ACB-4FB5-9F1A-3CFFFE811666}.Release|Any CPU.Build.0 = Release|Any CPU
		{03A37BCA-ABA5-429C-971B-E35980AA3DF6}.Debug|Any CPU.ActiveCfg = Debug|Any CPU
		{03A37BCA-ABA5-429C-971B-E35980AA3DF6}.Debug|Any CPU.Build.0 = Debug|Any CPU
		{03A37BCA-ABA5-429C-971B-E35980AA3DF6}.Release|Any CPU.ActiveCfg = Release|Any CPU
		{03A37BCA-ABA5-429C-971B-E35980AA3DF6}.Release|Any CPU.Build.0 = Release|Any CPU
		{6A9E8157-70EC-4941-A8A7-A44A2F84BCFA}.Debug|Any CPU.ActiveCfg = Debug|Any CPU
		{6A9E8157-70EC-4941-A8A7-A44A2F84BCFA}.Debug|Any CPU.Build.0 = Debug|Any CPU
		{6A9E8157-70EC-4941-A8A7-A44A2F84BCFA}.Release|Any CPU.ActiveCfg = Release|Any CPU
		{6A9E8157-70EC-4941-A8A7-A44A2F84BCFA}.Release|Any CPU.Build.0 = Release|Any CPU
		{7CA904A9-8A60-4B94-BADC-D8DE13160557}.Debug|Any CPU.ActiveCfg = Debug|Any CPU
		{7CA904A9-8A60-4B94-BADC-D8DE13160557}.Debug|Any CPU.Build.0 = Debug|Any CPU
		{7CA904A9-8A60-4B94-BADC-D8DE13160557}.Release|Any CPU.ActiveCfg = Release|Any CPU
		{7CA904A9-8A60-4B94-BADC-D8DE13160557}.Release|Any CPU.Build.0 = Release|Any CPU
		{72FACC45-2F02-44FD-958A-30031D12FF31}.Debug|Any CPU.ActiveCfg = Debug|Any CPU
		{72FACC45-2F02-44FD-958A-30031D12FF31}.Debug|Any CPU.Build.0 = Debug|Any CPU
		{72FACC45-2F02-44FD-958A-30031D12FF31}.Release|Any CPU.ActiveCfg = Release|Any CPU
		{72FACC45-2F02-44FD-958A-30031D12FF31}.Release|Any CPU.Build.0 = Release|Any CPU
		{DA489370-39E0-4A18-89C3-3BD388ACF530}.Debug|Any CPU.ActiveCfg = Debug|Any CPU
		{DA489370-39E0-4A18-89C3-3BD388ACF530}.Debug|Any CPU.Build.0 = Debug|Any CPU
		{DA489370-39E0-4A18-89C3-3BD388ACF530}.Release|Any CPU.ActiveCfg = Release|Any CPU
		{DA489370-39E0-4A18-89C3-3BD388ACF530}.Release|Any CPU.Build.0 = Release|Any CPU
		{6CCC9417-933A-4F96-9860-F9AA1FA3E8FA}.Debug|Any CPU.ActiveCfg = Debug|Any CPU
		{6CCC9417-933A-4F96-9860-F9AA1FA3E8FA}.Debug|Any CPU.Build.0 = Debug|Any CPU
		{6CCC9417-933A-4F96-9860-F9AA1FA3E8FA}.Release|Any CPU.ActiveCfg = Release|Any CPU
		{6CCC9417-933A-4F96-9860-F9AA1FA3E8FA}.Release|Any CPU.Build.0 = Release|Any CPU
		{1124AD72-C67F-4B36-9B10-022364970ECA}.Debug|Any CPU.ActiveCfg = Debug|Any CPU
		{1124AD72-C67F-4B36-9B10-022364970ECA}.Debug|Any CPU.Build.0 = Debug|Any CPU
		{1124AD72-C67F-4B36-9B10-022364970ECA}.Release|Any CPU.ActiveCfg = Release|Any CPU
		{1124AD72-C67F-4B36-9B10-022364970ECA}.Release|Any CPU.Build.0 = Release|Any CPU
		{4FCB188F-B0C6-4AE9-8EEA-CF0F50EB5AF0}.Debug|Any CPU.ActiveCfg = Debug|Any CPU
		{4FCB188F-B0C6-4AE9-8EEA-CF0F50EB5AF0}.Debug|Any CPU.Build.0 = Debug|Any CPU
		{4FCB188F-B0C6-4AE9-8EEA-CF0F50EB5AF0}.Release|Any CPU.ActiveCfg = Release|Any CPU
		{4FCB188F-B0C6-4AE9-8EEA-CF0F50EB5AF0}.Release|Any CPU.Build.0 = Release|Any CPU
		{182AA522-91ED-4D82-A86B-98F19437F8C8}.Debug|Any CPU.ActiveCfg = Debug|Any CPU
		{182AA522-91ED-4D82-A86B-98F19437F8C8}.Debug|Any CPU.Build.0 = Debug|Any CPU
		{182AA522-91ED-4D82-A86B-98F19437F8C8}.Release|Any CPU.ActiveCfg = Release|Any CPU
		{182AA522-91ED-4D82-A86B-98F19437F8C8}.Release|Any CPU.Build.0 = Release|Any CPU
		{90C41D35-6AE6-4030-9B88-1974B26CCD92}.Debug|Any CPU.ActiveCfg = Debug|Any CPU
		{90C41D35-6AE6-4030-9B88-1974B26CCD92}.Debug|Any CPU.Build.0 = Debug|Any CPU
		{90C41D35-6AE6-4030-9B88-1974B26CCD92}.Release|Any CPU.ActiveCfg = Release|Any CPU
		{90C41D35-6AE6-4030-9B88-1974B26CCD92}.Release|Any CPU.Build.0 = Release|Any CPU
		{0A60E048-BA4B-41F8-98F5-22064A3D85AF}.Debug|Any CPU.ActiveCfg = Debug|Any CPU
		{0A60E048-BA4B-41F8-98F5-22064A3D85AF}.Debug|Any CPU.Build.0 = Debug|Any CPU
		{0A60E048-BA4B-41F8-98F5-22064A3D85AF}.Release|Any CPU.ActiveCfg = Release|Any CPU
		{0A60E048-BA4B-41F8-98F5-22064A3D85AF}.Release|Any CPU.Build.0 = Release|Any CPU
	EndGlobalSection
	GlobalSection(SolutionProperties) = preSolution
		HideSolutionNode = FALSE
	EndGlobalSection
	GlobalSection(NestedProjects) = preSolution
		{BB3C7660-88DC-45A6-983F-1A5E658AA918} = {08AACB0A-A4D7-4D2C-808D-FC73A5DF2D66}
		{87D339D0-B33E-493D-88F1-723816868383} = {58C84563-046F-49A0-972F-564EEEDFA753}
		{ACDB4055-E535-4947-84F5-642C2F4AFEEB} = {58C84563-046F-49A0-972F-564EEEDFA753}
		{94977368-3CEF-4C42-9426-69B082BA34BE} = {37128621-CBA4-4484-9B97-D289A382CA9C}
		{D2CAE719-8ACB-4FB5-9F1A-3CFFFE811666} = {37128621-CBA4-4484-9B97-D289A382CA9C}
		{03A37BCA-ABA5-429C-971B-E35980AA3DF6} = {DCF3F636-66D8-40A6-A9C5-9143444130AC}
		{6A9E8157-70EC-4941-A8A7-A44A2F84BCFA} = {DCF3F636-66D8-40A6-A9C5-9143444130AC}
		{7CA904A9-8A60-4B94-BADC-D8DE13160557} = {4C44967C-FD25-4858-8373-E38480755F05}
		{72FACC45-2F02-44FD-958A-30031D12FF31} = {4C44967C-FD25-4858-8373-E38480755F05}
		{DA489370-39E0-4A18-89C3-3BD388ACF530} = {DCF3F636-66D8-40A6-A9C5-9143444130AC}
		{6CCC9417-933A-4F96-9860-F9AA1FA3E8FA} = {DCF3F636-66D8-40A6-A9C5-9143444130AC}
		{1124AD72-C67F-4B36-9B10-022364970ECA} = {DCF3F636-66D8-40A6-A9C5-9143444130AC}
		{4FCB188F-B0C6-4AE9-8EEA-CF0F50EB5AF0} = {8A8F96B4-38ED-4F04-A53E-1631F9B8AFEA}
		{182AA522-91ED-4D82-A86B-98F19437F8C8} = {8A8F96B4-38ED-4F04-A53E-1631F9B8AFEA}
		{90C41D35-6AE6-4030-9B88-1974B26CCD92} = {4C44967C-FD25-4858-8373-E38480755F05}
		{0A60E048-BA4B-41F8-98F5-22064A3D85AF} = {8A8F96B4-38ED-4F04-A53E-1631F9B8AFEA}
	EndGlobalSection
	GlobalSection(ExtensibilityGlobals) = postSolution
		SolutionGuid = {43129A25-5F8D-402A-8269-AB85F7BF9430}
	EndGlobalSection
EndGlobal
